
Microsoft Visual Studio Solution File, Format Version 12.00
# Visual Studio Version 16
VisualStudioVersion = 16.0.30517.126
MinimumVisualStudioVersion = 10.0.40219.1
Project("{FAE04EC0-301F-11D3-BF4B-00C04F79EFBC}") = "mgrProject", "mgrProject\mgrProject.csproj", "{0625EE51-4CE9-4E98-94E3-7BE575C64146}"
EndProject
Project("{FAE04EC0-301F-11D3-BF4B-00C04F79EFBC}") = "Domain", "Domain\Domain.csproj", "{FD009A22-CB17-483D-A7D7-51BBA25BF277}"
EndProject
Global
	GlobalSection(SolutionConfigurationPlatforms) = preSolution
		Debug|Any CPU = Debug|Any CPU
		Release|Any CPU = Release|Any CPU
	EndGlobalSection
	GlobalSection(ProjectConfigurationPlatforms) = postSolution
		{0625EE51-4CE9-4E98-94E3-7BE575C64146}.Debug|Any CPU.ActiveCfg = Debug|Any CPU
		{0625EE51-4CE9-4E98-94E3-7BE575C64146}.Debug|Any CPU.Build.0 = Debug|Any CPU
		{0625EE51-4CE9-4E98-94E3-7BE575C64146}.Release|Any CPU.ActiveCfg = Release|Any CPU
		{0625EE51-4CE9-4E98-94E3-7BE575C64146}.Release|Any CPU.Build.0 = Release|Any CPU
		{FD009A22-CB17-483D-A7D7-51BBA25BF277}.Debug|Any CPU.ActiveCfg = Debug|Any CPU
		{FD009A22-CB17-483D-A7D7-51BBA25BF277}.Debug|Any CPU.Build.0 = Debug|Any CPU
		{FD009A22-CB17-483D-A7D7-51BBA25BF277}.Release|Any CPU.ActiveCfg = Release|Any CPU
		{FD009A22-CB17-483D-A7D7-51BBA25BF277}.Release|Any CPU.Build.0 = Release|Any CPU
	EndGlobalSection
	GlobalSection(SolutionProperties) = preSolution
		HideSolutionNode = FALSE
	EndGlobalSection
	GlobalSection(ExtensibilityGlobals) = postSolution
		SolutionGuid = {3F1677B1-27BA-48A9-AEAD-AFD84AB9EE11}
	EndGlobalSection
EndGlobal
